// !$*UTF8*$!
{
	archiveVersion = 1;
	classes = {
	};
	objectVersion = 56;
	objects = {

/* Begin PBXBuildFile section */
		5E3FA58B2AFC06FD00B2DF34 /* DailyItinararyPage.swift in Sources */ = {isa = PBXBuildFile; fileRef = 5E3FA58A2AFC06FD00B2DF34 /* DailyItinararyPage.swift */; };
		5E3FA58D2AFC077E00B2DF34 /* HotelPreferencePage.swift in Sources */ = {isa = PBXBuildFile; fileRef = 5E3FA58C2AFC077E00B2DF34 /* HotelPreferencePage.swift */; };
		C6CD2B2A2AF5A42C00F74491 /* AppDelegate.swift in Sources */ = {isa = PBXBuildFile; fileRef = C6CD2B292AF5A42C00F74491 /* AppDelegate.swift */; };
		C6CD2B2C2AF5A42C00F74491 /* SceneDelegate.swift in Sources */ = {isa = PBXBuildFile; fileRef = C6CD2B2B2AF5A42C00F74491 /* SceneDelegate.swift */; };
		C6CD2B2E2AF5A42C00F74491 /* ViewController.swift in Sources */ = {isa = PBXBuildFile; fileRef = C6CD2B2D2AF5A42C00F74491 /* ViewController.swift */; };
		C6CD2B312AF5A42C00F74491 /* Main.storyboard in Resources */ = {isa = PBXBuildFile; fileRef = C6CD2B2F2AF5A42C00F74491 /* Main.storyboard */; };
		C6CD2B332AF5A42D00F74491 /* Assets.xcassets in Resources */ = {isa = PBXBuildFile; fileRef = C6CD2B322AF5A42D00F74491 /* Assets.xcassets */; };
		C6CD2B362AF5A42D00F74491 /* LaunchScreen.storyboard in Resources */ = {isa = PBXBuildFile; fileRef = C6CD2B342AF5A42D00F74491 /* LaunchScreen.storyboard */; };
		DC9582802AFB36BC005D52B8 /* StartingPage.swift in Sources */ = {isa = PBXBuildFile; fileRef = DC95827F2AFB36BC005D52B8 /* StartingPage.swift */; };
		DC9582822AFB46FB005D52B8 /* GeneralInputPage.swift in Sources */ = {isa = PBXBuildFile; fileRef = DC9582812AFB46FB005D52B8 /* GeneralInputPage.swift */; };
		DC9582862AFB5F03005D52B8 /* Functions.swift in Sources */ = {isa = PBXBuildFile; fileRef = DC9582852AFB5F03005D52B8 /* Functions.swift */; };
		DC9582882AFFFA46005D52B8 /* DataStructures.swift in Sources */ = {isa = PBXBuildFile; fileRef = DC9582872AFFFA46005D52B8 /* DataStructures.swift */; };
/* End PBXBuildFile section */

/* Begin PBXFileReference section */
		5E3FA58A2AFC06FD00B2DF34 /* DailyItinararyPage.swift */ = {isa = PBXFileReference; lastKnownFileType = sourcecode.swift; path = DailyItinararyPage.swift; sourceTree = "<group>"; };
		5E3FA58C2AFC077E00B2DF34 /* HotelPreferencePage.swift */ = {isa = PBXFileReference; lastKnownFileType = sourcecode.swift; path = HotelPreferencePage.swift; sourceTree = "<group>"; };
		C6CD2B262AF5A42C00F74491 /* Tourify.app */ = {isa = PBXFileReference; explicitFileType = wrapper.application; includeInIndex = 0; path = Tourify.app; sourceTree = BUILT_PRODUCTS_DIR; };
		C6CD2B292AF5A42C00F74491 /* AppDelegate.swift */ = {isa = PBXFileReference; lastKnownFileType = sourcecode.swift; path = AppDelegate.swift; sourceTree = "<group>"; };
		C6CD2B2B2AF5A42C00F74491 /* SceneDelegate.swift */ = {isa = PBXFileReference; lastKnownFileType = sourcecode.swift; path = SceneDelegate.swift; sourceTree = "<group>"; };
		C6CD2B2D2AF5A42C00F74491 /* ViewController.swift */ = {isa = PBXFileReference; lastKnownFileType = sourcecode.swift; path = ViewController.swift; sourceTree = "<group>"; };
		C6CD2B302AF5A42C00F74491 /* Base */ = {isa = PBXFileReference; lastKnownFileType = file.storyboard; name = Base; path = Base.lproj/Main.storyboard; sourceTree = "<group>"; };
		C6CD2B322AF5A42D00F74491 /* Assets.xcassets */ = {isa = PBXFileReference; lastKnownFileType = folder.assetcatalog; path = Assets.xcassets; sourceTree = "<group>"; };
		C6CD2B352AF5A42D00F74491 /* Base */ = {isa = PBXFileReference; lastKnownFileType = file.storyboard; name = Base; path = Base.lproj/LaunchScreen.storyboard; sourceTree = "<group>"; };
		C6CD2B372AF5A42D00F74491 /* Info.plist */ = {isa = PBXFileReference; lastKnownFileType = text.plist.xml; path = Info.plist; sourceTree = "<group>"; };
		DC95827F2AFB36BC005D52B8 /* StartingPage.swift */ = {isa = PBXFileReference; lastKnownFileType = sourcecode.swift; path = StartingPage.swift; sourceTree = "<group>"; };
		DC9582812AFB46FB005D52B8 /* GeneralInputPage.swift */ = {isa = PBXFileReference; lastKnownFileType = sourcecode.swift; path = GeneralInputPage.swift; sourceTree = "<group>"; };
		DC9582852AFB5F03005D52B8 /* Functions.swift */ = {isa = PBXFileReference; lastKnownFileType = sourcecode.swift; path = Functions.swift; sourceTree = "<group>"; };
		DC9582872AFFFA46005D52B8 /* DataStructures.swift */ = {isa = PBXFileReference; lastKnownFileType = sourcecode.swift; path = DataStructures.swift; sourceTree = "<group>"; };
/* End PBXFileReference section */

/* Begin PBXFrameworksBuildPhase section */
		C6CD2B232AF5A42C00F74491 /* Frameworks */ = {
			isa = PBXFrameworksBuildPhase;
			buildActionMask = 2147483647;
			files = (
			);
			runOnlyForDeploymentPostprocessing = 0;
		};
/* End PBXFrameworksBuildPhase section */

/* Begin PBXGroup section */
		C6CD2B1D2AF5A42C00F74491 = {
			isa = PBXGroup;
			children = (
				C6CD2B282AF5A42C00F74491 /* Tourify */,
				C6CD2B272AF5A42C00F74491 /* Products */,
			);
			sourceTree = "<group>";
		};
		C6CD2B272AF5A42C00F74491 /* Products */ = {
			isa = PBXGroup;
			children = (
				C6CD2B262AF5A42C00F74491 /* Tourify.app */,
			);
			name = Products;
			sourceTree = "<group>";
		};
		C6CD2B282AF5A42C00F74491 /* Tourify */ = {
			isa = PBXGroup;
			children = (
				C6CD2B292AF5A42C00F74491 /* AppDelegate.swift */,
				C6CD2B2B2AF5A42C00F74491 /* SceneDelegate.swift */,
				C6CD2B2D2AF5A42C00F74491 /* ViewController.swift */,
				DC9582872AFFFA46005D52B8 /* DataStructures.swift */,
				DC95827F2AFB36BC005D52B8 /* StartingPage.swift */,
				DC9582812AFB46FB005D52B8 /* GeneralInputPage.swift */,
				DC9582852AFB5F03005D52B8 /* Functions.swift */,
				C6CD2B2F2AF5A42C00F74491 /* Main.storyboard */,
				C6CD2B322AF5A42D00F74491 /* Assets.xcassets */,
				C6CD2B342AF5A42D00F74491 /* LaunchScreen.storyboard */,
				C6CD2B372AF5A42D00F74491 /* Info.plist */,
				5E3FA58A2AFC06FD00B2DF34 /* DailyItinararyPage.swift */,
				5E3FA58C2AFC077E00B2DF34 /* HotelPreferencePage.swift */,
			);
			path = Tourify;
			sourceTree = "<group>";
		};
/* End PBXGroup section */

/* Begin PBXNativeTarget section */
		C6CD2B252AF5A42C00F74491 /* Tourify */ = {
			isa = PBXNativeTarget;
			buildConfigurationList = C6CD2B3A2AF5A42D00F74491 /* Build configuration list for PBXNativeTarget "Tourify" */;
			buildPhases = (
				C6CD2B222AF5A42C00F74491 /* Sources */,
				C6CD2B232AF5A42C00F74491 /* Frameworks */,
				C6CD2B242AF5A42C00F74491 /* Resources */,
			);
			buildRules = (
			);
			dependencies = (
			);
			name = Tourify;
			productName = Tourify;
			productReference = C6CD2B262AF5A42C00F74491 /* Tourify.app */;
			productType = "com.apple.product-type.application";
		};
/* End PBXNativeTarget section */

/* Begin PBXProject section */
		C6CD2B1E2AF5A42C00F74491 /* Project object */ = {
			isa = PBXProject;
			attributes = {
				BuildIndependentTargetsInParallel = 1;
				LastSwiftUpdateCheck = 1430;
				LastUpgradeCheck = 1430;
				TargetAttributes = {
					C6CD2B252AF5A42C00F74491 = {
						CreatedOnToolsVersion = 14.3.1;
					};
				};
			};
			buildConfigurationList = C6CD2B212AF5A42C00F74491 /* Build configuration list for PBXProject "Tourify" */;
			compatibilityVersion = "Xcode 14.0";
			developmentRegion = en;
			hasScannedForEncodings = 0;
			knownRegions = (
				en,
				Base,
			);
			mainGroup = C6CD2B1D2AF5A42C00F74491;
			productRefGroup = C6CD2B272AF5A42C00F74491 /* Products */;
			projectDirPath = "";
			projectRoot = "";
			targets = (
				C6CD2B252AF5A42C00F74491 /* Tourify */,
			);
		};
/* End PBXProject section */

/* Begin PBXResourcesBuildPhase section */
		C6CD2B242AF5A42C00F74491 /* Resources */ = {
			isa = PBXResourcesBuildPhase;
			buildActionMask = 2147483647;
			files = (
				C6CD2B362AF5A42D00F74491 /* LaunchScreen.storyboard in Resources */,
				C6CD2B332AF5A42D00F74491 /* Assets.xcassets in Resources */,
				C6CD2B312AF5A42C00F74491 /* Main.storyboard in Resources */,
			);
			runOnlyForDeploymentPostprocessing = 0;
		};
/* End PBXResourcesBuildPhase section */

/* Begin PBXSourcesBuildPhase section */
		C6CD2B222AF5A42C00F74491 /* Sources */ = {
			isa = PBXSourcesBuildPhase;
			buildActionMask = 2147483647;
			files = (
				DC9582882AFFFA46005D52B8 /* DataStructures.swift in Sources */,
				C6CD2B2E2AF5A42C00F74491 /* ViewController.swift in Sources */,
				C6CD2B2A2AF5A42C00F74491 /* AppDelegate.swift in Sources */,
				DC9582802AFB36BC005D52B8 /* StartingPage.swift in Sources */,
				DC9582822AFB46FB005D52B8 /* GeneralInputPage.swift in Sources */,
				5E3FA58D2AFC077E00B2DF34 /* HotelPreferencePage.swift in Sources */,
				C6CD2B2C2AF5A42C00F74491 /* SceneDelegate.swift in Sources */,
				DC9582862AFB5F03005D52B8 /* Functions.swift in Sources */,
				5E3FA58B2AFC06FD00B2DF34 /* DailyItinararyPage.swift in Sources */,
			);
			runOnlyForDeploymentPostprocessing = 0;
		};
/* End PBXSourcesBuildPhase section */

/* Begin PBXVariantGroup section */
		C6CD2B2F2AF5A42C00F74491 /* Main.storyboard */ = {
			isa = PBXVariantGroup;
			children = (
				C6CD2B302AF5A42C00F74491 /* Base */,
			);
			name = Main.storyboard;
			sourceTree = "<group>";
		};
		C6CD2B342AF5A42D00F74491 /* LaunchScreen.storyboard */ = {
			isa = PBXVariantGroup;
			children = (
				C6CD2B352AF5A42D00F74491 /* Base */,
			);
			name = LaunchScreen.storyboard;
			sourceTree = "<group>";
		};
/* End PBXVariantGroup section */

/* Begin XCBuildConfiguration section */
		C6CD2B382AF5A42D00F74491 /* Debug */ = {
			isa = XCBuildConfiguration;
			buildSettings = {
				ALWAYS_SEARCH_USER_PATHS = NO;
				CLANG_ANALYZER_NONNULL = YES;
				CLANG_ANALYZER_NUMBER_OBJECT_CONVERSION = YES_AGGRESSIVE;
				CLANG_CXX_LANGUAGE_STANDARD = "gnu++20";
				CLANG_ENABLE_MODULES = YES;
				CLANG_ENABLE_OBJC_ARC = YES;
				CLANG_ENABLE_OBJC_WEAK = YES;
				CLANG_WARN_BLOCK_CAPTURE_AUTORELEASING = YES;
				CLANG_WARN_BOOL_CONVERSION = YES;
				CLANG_WARN_COMMA = YES;
				CLANG_WARN_CONSTANT_CONVERSION = YES;
				CLANG_WARN_DEPRECATED_OBJC_IMPLEMENTATIONS = YES;
				CLANG_WARN_DIRECT_OBJC_ISA_USAGE = YES_ERROR;
				CLANG_WARN_DOCUMENTATION_COMMENTS = YES;
				CLANG_WARN_EMPTY_BODY = YES;
				CLANG_WARN_ENUM_CONVERSION = YES;
				CLANG_WARN_INFINITE_RECURSION = YES;
				CLANG_WARN_INT_CONVERSION = YES;
				CLANG_WARN_NON_LITERAL_NULL_CONVERSION = YES;
				CLANG_WARN_OBJC_IMPLICIT_RETAIN_SELF = YES;
				CLANG_WARN_OBJC_LITERAL_CONVERSION = YES;
				CLANG_WARN_OBJC_ROOT_CLASS = YES_ERROR;
				CLANG_WARN_QUOTED_INCLUDE_IN_FRAMEWORK_HEADER = YES;
				CLANG_WARN_RANGE_LOOP_ANALYSIS = YES;
				CLANG_WARN_STRICT_PROTOTYPES = YES;
				CLANG_WARN_SUSPICIOUS_MOVE = YES;
				CLANG_WARN_UNGUARDED_AVAILABILITY = YES_AGGRESSIVE;
				CLANG_WARN_UNREACHABLE_CODE = YES;
				CLANG_WARN__DUPLICATE_METHOD_MATCH = YES;
				COPY_PHASE_STRIP = NO;
				DEBUG_INFORMATION_FORMAT = dwarf;
				ENABLE_STRICT_OBJC_MSGSEND = YES;
				ENABLE_TESTABILITY = YES;
				GCC_C_LANGUAGE_STANDARD = gnu11;
				GCC_DYNAMIC_NO_PIC = NO;
				GCC_NO_COMMON_BLOCKS = YES;
				GCC_OPTIMIZATION_LEVEL = 0;
				GCC_PREPROCESSOR_DEFINITIONS = (
					"DEBUG=1",
					"$(inherited)",
				);
				GCC_WARN_64_TO_32_BIT_CONVERSION = YES;
				GCC_WARN_ABOUT_RETURN_TYPE = YES_ERROR;
				GCC_WARN_UNDECLARED_SELECTOR = YES;
				GCC_WARN_UNINITIALIZED_AUTOS = YES_AGGRESSIVE;
				GCC_WARN_UNUSED_FUNCTION = YES;
				GCC_WARN_UNUSED_VARIABLE = YES;
				IPHONEOS_DEPLOYMENT_TARGET = 16.4;
				MTL_ENABLE_DEBUG_INFO = INCLUDE_SOURCE;
				MTL_FAST_MATH = YES;
				ONLY_ACTIVE_ARCH = YES;
				SDKROOT = iphoneos;
				SWIFT_ACTIVE_COMPILATION_CONDITIONS = DEBUG;
				SWIFT_OPTIMIZATION_LEVEL = "-Onone";
			};
			name = Debug;
		};
		C6CD2B392AF5A42D00F74491 /* Release */ = {
			isa = XCBuildConfiguration;
			buildSettings = {
				ALWAYS_SEARCH_USER_PATHS = NO;
				CLANG_ANALYZER_NONNULL = YES;
				CLANG_ANALYZER_NUMBER_OBJECT_CONVERSION = YES_AGGRESSIVE;
				CLANG_CXX_LANGUAGE_STANDARD = "gnu++20";
				CLANG_ENABLE_MODULES = YES;
				CLANG_ENABLE_OBJC_ARC = YES;
				CLANG_ENABLE_OBJC_WEAK = YES;
				CLANG_WARN_BLOCK_CAPTURE_AUTORELEASING = YES;
				CLANG_WARN_BOOL_CONVERSION = YES;
				CLANG_WARN_COMMA = YES;
				CLANG_WARN_CONSTANT_CONVERSION = YES;
				CLANG_WARN_DEPRECATED_OBJC_IMPLEMENTATIONS = YES;
				CLANG_WARN_DIRECT_OBJC_ISA_USAGE = YES_ERROR;
				CLANG_WARN_DOCUMENTATION_COMMENTS = YES;
				CLANG_WARN_EMPTY_BODY = YES;
				CLANG_WARN_ENUM_CONVERSION = YES;
				CLANG_WARN_INFINITE_RECURSION = YES;
				CLANG_WARN_INT_CONVERSION = YES;
				CLANG_WARN_NON_LITERAL_NULL_CONVERSION = YES;
				CLANG_WARN_OBJC_IMPLICIT_RETAIN_SELF = YES;
				CLANG_WARN_OBJC_LITERAL_CONVERSION = YES;
				CLANG_WARN_OBJC_ROOT_CLASS = YES_ERROR;
				CLANG_WARN_QUOTED_INCLUDE_IN_FRAMEWORK_HEADER = YES;
				CLANG_WARN_RANGE_LOOP_ANALYSIS = YES;
				CLANG_WARN_STRICT_PROTOTYPES = YES;
				CLANG_WARN_SUSPICIOUS_MOVE = YES;
				CLANG_WARN_UNGUARDED_AVAILABILITY = YES_AGGRESSIVE;
				CLANG_WARN_UNREACHABLE_CODE = YES;
				CLANG_WARN__DUPLICATE_METHOD_MATCH = YES;
				COPY_PHASE_STRIP = NO;
				DEBUG_INFORMATION_FORMAT = "dwarf-with-dsym";
				ENABLE_NS_ASSERTIONS = NO;
				ENABLE_STRICT_OBJC_MSGSEND = YES;
				GCC_C_LANGUAGE_STANDARD = gnu11;
				GCC_NO_COMMON_BLOCKS = YES;
				GCC_WARN_64_TO_32_BIT_CONVERSION = YES;
				GCC_WARN_ABOUT_RETURN_TYPE = YES_ERROR;
				GCC_WARN_UNDECLARED_SELECTOR = YES;
				GCC_WARN_UNINITIALIZED_AUTOS = YES_AGGRESSIVE;
				GCC_WARN_UNUSED_FUNCTION = YES;
				GCC_WARN_UNUSED_VARIABLE = YES;
				IPHONEOS_DEPLOYMENT_TARGET = 16.4;
				MTL_ENABLE_DEBUG_INFO = NO;
				MTL_FAST_MATH = YES;
				SDKROOT = iphoneos;
				SWIFT_COMPILATION_MODE = wholemodule;
				SWIFT_OPTIMIZATION_LEVEL = "-O";
				VALIDATE_PRODUCT = YES;
			};
			name = Release;
		};
		C6CD2B3B2AF5A42D00F74491 /* Debug */ = {
			isa = XCBuildConfiguration;
			buildSettings = {
				ASSETCATALOG_COMPILER_APPICON_NAME = AppIcon;
				ASSETCATALOG_COMPILER_GLOBAL_ACCENT_COLOR_NAME = AccentColor;
				CODE_SIGN_STYLE = Automatic;
				CURRENT_PROJECT_VERSION = 1;
				GENERATE_INFOPLIST_FILE = YES;
				INFOPLIST_FILE = Tourify/Info.plist;
				INFOPLIST_KEY_UIApplicationSupportsIndirectInputEvents = YES;
				INFOPLIST_KEY_UILaunchStoryboardName = LaunchScreen;
				INFOPLIST_KEY_UIMainStoryboardFile = Main;
				INFOPLIST_KEY_UISupportedInterfaceOrientations_iPad = "UIInterfaceOrientationPortrait UIInterfaceOrientationPortraitUpsideDown UIInterfaceOrientationLandscapeLeft UIInterfaceOrientationLandscapeRight";
				INFOPLIST_KEY_UISupportedInterfaceOrientations_iPhone = "UIInterfaceOrientationPortrait UIInterfaceOrientationLandscapeLeft UIInterfaceOrientationLandscapeRight";
				LD_RUNPATH_SEARCH_PATHS = (
					"$(inherited)",
					"@executable_path/Frameworks",
				);
				MARKETING_VERSION = 1.0;
				PRODUCT_BUNDLE_IDENTIFIER = "-23.Tourify";
				PRODUCT_NAME = "$(TARGET_NAME)";
				SWIFT_EMIT_LOC_STRINGS = YES;
				SWIFT_VERSION = 5.0;
				TARGETED_DEVICE_FAMILY = "1,2";
			};
			name = Debug;
		};
		C6CD2B3C2AF5A42D00F74491 /* Release */ = {
			isa = XCBuildConfiguration;
			buildSettings = {
				ASSETCATALOG_COMPILER_APPICON_NAME = AppIcon;
				ASSETCATALOG_COMPILER_GLOBAL_ACCENT_COLOR_NAME = AccentColor;
				CODE_SIGN_STYLE = Automatic;
				CURRENT_PROJECT_VERSION = 1;
				GENERATE_INFOPLIST_FILE = YES;
				INFOPLIST_FILE = Tourify/Info.plist;
				INFOPLIST_KEY_UIApplicationSupportsIndirectInputEvents = YES;
				INFOPLIST_KEY_UILaunchStoryboardName = LaunchScreen;
				INFOPLIST_KEY_UIMainStoryboardFile = Main;
				INFOPLIST_KEY_UISupportedInterfaceOrientations_iPad = "UIInterfaceOrientationPortrait UIInterfaceOrientationPortraitUpsideDown UIInterfaceOrientationLandscapeLeft UIInterfaceOrientationLandscapeRight";
				INFOPLIST_KEY_UISupportedInterfaceOrientations_iPhone = "UIInterfaceOrientationPortrait UIInterfaceOrientationLandscapeLeft UIInterfaceOrientationLandscapeRight";
				LD_RUNPATH_SEARCH_PATHS = (
					"$(inherited)",
					"@executable_path/Frameworks",
				);
				MARKETING_VERSION = 1.0;
				PRODUCT_BUNDLE_IDENTIFIER = "-23.Tourify";
				PRODUCT_NAME = "$(TARGET_NAME)";
				SWIFT_EMIT_LOC_STRINGS = YES;
				SWIFT_VERSION = 5.0;
				TARGETED_DEVICE_FAMILY = "1,2";
			};
			name = Release;
		};
/* End XCBuildConfiguration section */

/* Begin XCConfigurationList section */
		C6CD2B212AF5A42C00F74491 /* Build configuration list for PBXProject "Tourify" */ = {
			isa = XCConfigurationList;
			buildConfigurations = (
				C6CD2B382AF5A42D00F74491 /* Debug */,
				C6CD2B392AF5A42D00F74491 /* Release */,
			);
			defaultConfigurationIsVisible = 0;
			defaultConfigurationName = Release;
		};
		C6CD2B3A2AF5A42D00F74491 /* Build configuration list for PBXNativeTarget "Tourify" */ = {
			isa = XCConfigurationList;
			buildConfigurations = (
				C6CD2B3B2AF5A42D00F74491 /* Debug */,
				C6CD2B3C2AF5A42D00F74491 /* Release */,
			);
			defaultConfigurationIsVisible = 0;
			defaultConfigurationName = Release;
		};
/* End XCConfigurationList section */
	};
	rootObject = C6CD2B1E2AF5A42C00F74491 /* Project object */;
}
